// !$*UTF8*$!
{
	archiveVersion = 1;
	classes = {
	};
	objectVersion = 51;
	objects = {

/* Begin PBXBuildFile section */
		3B041ED2252BA89500F96349 /* ThemesViewController.swift in Sources */ = {isa = PBXBuildFile; fileRef = 3B041ED1252BA89500F96349 /* ThemesViewController.swift */; };
		3B041ED4252BA94000F96349 /* ThemesViewController.storyboard in Resources */ = {isa = PBXBuildFile; fileRef = 3B041ED3252BA94000F96349 /* ThemesViewController.storyboard */; };
		3B041EDA252D250000F96349 /* ThemeButton.swift in Sources */ = {isa = PBXBuildFile; fileRef = 3B041ED9252D250000F96349 /* ThemeButton.swift */; };
		3B041EDC252D252C00F96349 /* ThemeButton.xib in Resources */ = {isa = PBXBuildFile; fileRef = 3B041EDB252D252C00F96349 /* ThemeButton.xib */; };
		3B041EDE252E2A5A00F96349 /* ThemeButtonModel.swift in Sources */ = {isa = PBXBuildFile; fileRef = 3B041EDD252E2A5A00F96349 /* ThemeButtonModel.swift */; };
		3B041EE0252E3AA300F96349 /* Theme.swift in Sources */ = {isa = PBXBuildFile; fileRef = 3B041EDF252E3AA300F96349 /* Theme.swift */; };
		3B041EE2252E3B1D00F96349 /* ThemesPickerDelegate.swift in Sources */ = {isa = PBXBuildFile; fileRef = 3B041EE1252E3B1D00F96349 /* ThemesPickerDelegate.swift */; };
		3B1134C72538B9D100C75D4D /* GoogleService-Info.plist in Resources */ = {isa = PBXBuildFile; fileRef = 3B1134C62538B9D100C75D4D /* GoogleService-Info.plist */; };
		3B1134C9253DF76300C75D4D /* Podfile in Resources */ = {isa = PBXBuildFile; fileRef = 3B1134C8253DF76300C75D4D /* Podfile */; };
		3B26C2C6254758650043101E /* Chat.xcdatamodeld in Sources */ = {isa = PBXBuildFile; fileRef = 3B26C2C4254758650043101E /* Chat.xcdatamodeld */; };
		3B26C2FD254766120043101E /* CoreDataStack.swift in Sources */ = {isa = PBXBuildFile; fileRef = 3B26C2FC254766120043101E /* CoreDataStack.swift */; };
		3B26C2FF25476BFB0043101E /* ObjectsExtensions.swift in Sources */ = {isa = PBXBuildFile; fileRef = 3B26C2FE25476BFB0043101E /* ObjectsExtensions.swift */; };
		3B33D22B250D053000355849 /* AppDelegate.swift in Sources */ = {isa = PBXBuildFile; fileRef = 3B33D22A250D053000355849 /* AppDelegate.swift */; };
		3B33D22F250D053000355849 /* ProfileViewController.swift in Sources */ = {isa = PBXBuildFile; fileRef = 3B33D22E250D053000355849 /* ProfileViewController.swift */; };
		3B33D232250D053000355849 /* ProfileViewController.storyboard in Resources */ = {isa = PBXBuildFile; fileRef = 3B33D230250D053000355849 /* ProfileViewController.storyboard */; };
		3B33D234250D053900355849 /* Assets.xcassets in Resources */ = {isa = PBXBuildFile; fileRef = 3B33D233250D053800355849 /* Assets.xcassets */; };
		3B33D237250D053900355849 /* LaunchScreen.storyboard in Resources */ = {isa = PBXBuildFile; fileRef = 3B33D235250D053900355849 /* LaunchScreen.storyboard */; };
		3B33D23F250D19D400355849 /* Logger.swift in Sources */ = {isa = PBXBuildFile; fileRef = 3B33D23E250D19D400355849 /* Logger.swift */; };
		3B6C03BB253E26A700C49BC4 /* Message.swift in Sources */ = {isa = PBXBuildFile; fileRef = 3B6C03BA253E26A700C49BC4 /* Message.swift */; };
		3B6C03BD253E26B700C49BC4 /* Channel.swift in Sources */ = {isa = PBXBuildFile; fileRef = 3B6C03BC253E26B700C49BC4 /* Channel.swift */; };
		3B6C03BF25408D8700C49BC4 /* ChannelsRepository.swift in Sources */ = {isa = PBXBuildFile; fileRef = 3B6C03BE25408D8700C49BC4 /* ChannelsRepository.swift */; };
		3B6C03C12540AEA000C49BC4 /* MessagesRepository.swift in Sources */ = {isa = PBXBuildFile; fileRef = 3B6C03C02540AE9F00C49BC4 /* MessagesRepository.swift */; };
		3B6C03C32540D6BE00C49BC4 /* DeviceIDProvider.swift in Sources */ = {isa = PBXBuildFile; fileRef = 3B6C03C22540D6BE00C49BC4 /* DeviceIDProvider.swift */; };
		3BD745C52524A9A100D78EEE /* MessageCellModel.swift in Sources */ = {isa = PBXBuildFile; fileRef = 3BD745C42524A9A100D78EEE /* MessageCellModel.swift */; };
		3BD745C82524AA1B00D78EEE /* MessageTableViewCell.swift in Sources */ = {isa = PBXBuildFile; fileRef = 3BD745C62524AA1B00D78EEE /* MessageTableViewCell.swift */; };
		3BD745C92524AA1B00D78EEE /* MessageTableViewCell.xib in Resources */ = {isa = PBXBuildFile; fileRef = 3BD745C72524AA1B00D78EEE /* MessageTableViewCell.xib */; };
		3BED3F06252E5DD600405047 /* ThemeManager.swift in Sources */ = {isa = PBXBuildFile; fileRef = 3BED3F05252E5DD600405047 /* ThemeManager.swift */; };
		3BED3F08252E61AD00405047 /* ThemeableView.swift in Sources */ = {isa = PBXBuildFile; fileRef = 3BED3F07252E61AD00405047 /* ThemeableView.swift */; };
		3BED3F0A253644F400405047 /* GCDProfileDataManager.swift in Sources */ = {isa = PBXBuildFile; fileRef = 3BED3F09253644F400405047 /* GCDProfileDataManager.swift */; };
		3BED3F0C2536450400405047 /* ProfileData.swift in Sources */ = {isa = PBXBuildFile; fileRef = 3BED3F0B2536450400405047 /* ProfileData.swift */; };
		3BED3F0E253645BE00405047 /* ProfileDataManaging.swift in Sources */ = {isa = PBXBuildFile; fileRef = 3BED3F0D253645BE00405047 /* ProfileDataManaging.swift */; };
		3BED3F1025377C5E00405047 /* OperationProfileDataManager.swift in Sources */ = {isa = PBXBuildFile; fileRef = 3BED3F0F25377C5E00405047 /* OperationProfileDataManager.swift */; };
		3BED3F1225377C8800405047 /* FileProfileDataManager.swift in Sources */ = {isa = PBXBuildFile; fileRef = 3BED3F1125377C8800405047 /* FileProfileDataManager.swift */; };
		3BF0E68825213AC500C3E947 /* ConversationsListViewController.swift in Sources */ = {isa = PBXBuildFile; fileRef = 3BF0E68725213AC500C3E947 /* ConversationsListViewController.swift */; };
		3BF0E68A25239D6700C3E947 /* ConversationsListViewController.storyboard in Resources */ = {isa = PBXBuildFile; fileRef = 3BF0E68925239D6700C3E947 /* ConversationsListViewController.storyboard */; };
		3BF0E68C2523A88900C3E947 /* UIViewControllerExtensions.swift in Sources */ = {isa = PBXBuildFile; fileRef = 3BF0E68B2523A88900C3E947 /* UIViewControllerExtensions.swift */; };
		3BF0E68F2523AEAD00C3E947 /* ConversationsTableViewCell.swift in Sources */ = {isa = PBXBuildFile; fileRef = 3BF0E68D2523AEAD00C3E947 /* ConversationsTableViewCell.swift */; };
		3BF0E6902523AEAD00C3E947 /* ConversationsTableViewCell.xib in Resources */ = {isa = PBXBuildFile; fileRef = 3BF0E68E2523AEAD00C3E947 /* ConversationsTableViewCell.xib */; };
		3BF0E6922523B2F900C3E947 /* ConfigurableView.swift in Sources */ = {isa = PBXBuildFile; fileRef = 3BF0E6912523B2F900C3E947 /* ConfigurableView.swift */; };
		3BF0E6942523B3F800C3E947 /* ConversationCellModel.swift in Sources */ = {isa = PBXBuildFile; fileRef = 3BF0E6932523B3F800C3E947 /* ConversationCellModel.swift */; };
		3BF0E6962523D5D900C3E947 /* ConversationViewController.swift in Sources */ = {isa = PBXBuildFile; fileRef = 3BF0E6952523D5D900C3E947 /* ConversationViewController.swift */; };
		3BF0E6982523D5E300C3E947 /* ConversationViewController.storyboard in Resources */ = {isa = PBXBuildFile; fileRef = 3BF0E6972523D5E300C3E947 /* ConversationViewController.storyboard */; };
		D4D7F025556FF70C358FF0E3 /* Pods_Chat.framework in Frameworks */ = {isa = PBXBuildFile; fileRef = 3A3135C7CBD482D744FF0317 /* Pods_Chat.framework */; };
/* End PBXBuildFile section */

/* Begin PBXFileReference section */
		3A3135C7CBD482D744FF0317 /* Pods_Chat.framework */ = {isa = PBXFileReference; explicitFileType = wrapper.framework; includeInIndex = 0; path = Pods_Chat.framework; sourceTree = BUILT_PRODUCTS_DIR; };
		3B041ED1252BA89500F96349 /* ThemesViewController.swift */ = {isa = PBXFileReference; lastKnownFileType = sourcecode.swift; path = ThemesViewController.swift; sourceTree = "<group>"; };
		3B041ED3252BA94000F96349 /* ThemesViewController.storyboard */ = {isa = PBXFileReference; lastKnownFileType = file.storyboard; path = ThemesViewController.storyboard; sourceTree = "<group>"; };
		3B041ED9252D250000F96349 /* ThemeButton.swift */ = {isa = PBXFileReference; lastKnownFileType = sourcecode.swift; path = ThemeButton.swift; sourceTree = "<group>"; };
		3B041EDB252D252C00F96349 /* ThemeButton.xib */ = {isa = PBXFileReference; lastKnownFileType = file.xib; path = ThemeButton.xib; sourceTree = "<group>"; };
		3B041EDD252E2A5A00F96349 /* ThemeButtonModel.swift */ = {isa = PBXFileReference; lastKnownFileType = sourcecode.swift; path = ThemeButtonModel.swift; sourceTree = "<group>"; };
		3B041EDF252E3AA300F96349 /* Theme.swift */ = {isa = PBXFileReference; lastKnownFileType = sourcecode.swift; path = Theme.swift; sourceTree = "<group>"; };
		3B041EE1252E3B1D00F96349 /* ThemesPickerDelegate.swift */ = {isa = PBXFileReference; lastKnownFileType = sourcecode.swift; path = ThemesPickerDelegate.swift; sourceTree = "<group>"; };
		3B1134C62538B9D100C75D4D /* GoogleService-Info.plist */ = {isa = PBXFileReference; fileEncoding = 4; lastKnownFileType = text.plist.xml; path = "GoogleService-Info.plist"; sourceTree = "<group>"; };
		3B1134C8253DF76300C75D4D /* Podfile */ = {isa = PBXFileReference; fileEncoding = 4; lastKnownFileType = text; path = Podfile; sourceTree = "<group>"; };
		3B26C2C5254758650043101E /* Chat.xcdatamodel */ = {isa = PBXFileReference; lastKnownFileType = wrapper.xcdatamodel; path = Chat.xcdatamodel; sourceTree = "<group>"; };
		3B26C2FC254766120043101E /* CoreDataStack.swift */ = {isa = PBXFileReference; lastKnownFileType = sourcecode.swift; path = CoreDataStack.swift; sourceTree = "<group>"; };
		3B26C2FE25476BFB0043101E /* ObjectsExtensions.swift */ = {isa = PBXFileReference; lastKnownFileType = sourcecode.swift; path = ObjectsExtensions.swift; sourceTree = "<group>"; };
		3B33D227250D053000355849 /* Chat.app */ = {isa = PBXFileReference; explicitFileType = wrapper.application; includeInIndex = 0; path = Chat.app; sourceTree = BUILT_PRODUCTS_DIR; };
		3B33D22A250D053000355849 /* AppDelegate.swift */ = {isa = PBXFileReference; lastKnownFileType = sourcecode.swift; path = AppDelegate.swift; sourceTree = "<group>"; };
		3B33D22E250D053000355849 /* ProfileViewController.swift */ = {isa = PBXFileReference; lastKnownFileType = sourcecode.swift; path = ProfileViewController.swift; sourceTree = "<group>"; };
		3B33D231250D053000355849 /* Base */ = {isa = PBXFileReference; lastKnownFileType = file.storyboard; name = Base; path = Base.lproj/ProfileViewController.storyboard; sourceTree = "<group>"; };
		3B33D233250D053800355849 /* Assets.xcassets */ = {isa = PBXFileReference; lastKnownFileType = folder.assetcatalog; path = Assets.xcassets; sourceTree = "<group>"; };
		3B33D236250D053900355849 /* Base */ = {isa = PBXFileReference; lastKnownFileType = file.storyboard; name = Base; path = Base.lproj/LaunchScreen.storyboard; sourceTree = "<group>"; };
		3B33D238250D053900355849 /* Info.plist */ = {isa = PBXFileReference; lastKnownFileType = text.plist.xml; path = Info.plist; sourceTree = "<group>"; };
		3B33D23E250D19D400355849 /* Logger.swift */ = {isa = PBXFileReference; lastKnownFileType = sourcecode.swift; path = Logger.swift; sourceTree = "<group>"; };
		3B6C03BA253E26A700C49BC4 /* Message.swift */ = {isa = PBXFileReference; lastKnownFileType = sourcecode.swift; path = Message.swift; sourceTree = "<group>"; };
		3B6C03BC253E26B700C49BC4 /* Channel.swift */ = {isa = PBXFileReference; lastKnownFileType = sourcecode.swift; path = Channel.swift; sourceTree = "<group>"; };
		3B6C03BE25408D8700C49BC4 /* ChannelsRepository.swift */ = {isa = PBXFileReference; lastKnownFileType = sourcecode.swift; path = ChannelsRepository.swift; sourceTree = "<group>"; };
		3B6C03C02540AE9F00C49BC4 /* MessagesRepository.swift */ = {isa = PBXFileReference; lastKnownFileType = sourcecode.swift; path = MessagesRepository.swift; sourceTree = "<group>"; };
		3B6C03C22540D6BE00C49BC4 /* DeviceIDProvider.swift */ = {isa = PBXFileReference; lastKnownFileType = sourcecode.swift; path = DeviceIDProvider.swift; sourceTree = "<group>"; };
		3BD745C42524A9A100D78EEE /* MessageCellModel.swift */ = {isa = PBXFileReference; lastKnownFileType = sourcecode.swift; path = MessageCellModel.swift; sourceTree = "<group>"; };
		3BD745C62524AA1B00D78EEE /* MessageTableViewCell.swift */ = {isa = PBXFileReference; lastKnownFileType = sourcecode.swift; path = MessageTableViewCell.swift; sourceTree = "<group>"; };
		3BD745C72524AA1B00D78EEE /* MessageTableViewCell.xib */ = {isa = PBXFileReference; lastKnownFileType = file.xib; path = MessageTableViewCell.xib; sourceTree = "<group>"; };
		3BED3F05252E5DD600405047 /* ThemeManager.swift */ = {isa = PBXFileReference; lastKnownFileType = sourcecode.swift; path = ThemeManager.swift; sourceTree = "<group>"; };
		3BED3F07252E61AD00405047 /* ThemeableView.swift */ = {isa = PBXFileReference; lastKnownFileType = sourcecode.swift; path = ThemeableView.swift; sourceTree = "<group>"; };
		3BED3F09253644F400405047 /* GCDProfileDataManager.swift */ = {isa = PBXFileReference; lastKnownFileType = sourcecode.swift; path = GCDProfileDataManager.swift; sourceTree = "<group>"; };
		3BED3F0B2536450400405047 /* ProfileData.swift */ = {isa = PBXFileReference; lastKnownFileType = sourcecode.swift; path = ProfileData.swift; sourceTree = "<group>"; };
		3BED3F0D253645BE00405047 /* ProfileDataManaging.swift */ = {isa = PBXFileReference; lastKnownFileType = sourcecode.swift; path = ProfileDataManaging.swift; sourceTree = "<group>"; };
		3BED3F0F25377C5E00405047 /* OperationProfileDataManager.swift */ = {isa = PBXFileReference; lastKnownFileType = sourcecode.swift; path = OperationProfileDataManager.swift; sourceTree = "<group>"; };
		3BED3F1125377C8800405047 /* FileProfileDataManager.swift */ = {isa = PBXFileReference; lastKnownFileType = sourcecode.swift; path = FileProfileDataManager.swift; sourceTree = "<group>"; };
		3BF0E68725213AC500C3E947 /* ConversationsListViewController.swift */ = {isa = PBXFileReference; lastKnownFileType = sourcecode.swift; path = ConversationsListViewController.swift; sourceTree = "<group>"; };
		3BF0E68925239D6700C3E947 /* ConversationsListViewController.storyboard */ = {isa = PBXFileReference; lastKnownFileType = file.storyboard; path = ConversationsListViewController.storyboard; sourceTree = "<group>"; };
		3BF0E68B2523A88900C3E947 /* UIViewControllerExtensions.swift */ = {isa = PBXFileReference; lastKnownFileType = sourcecode.swift; path = UIViewControllerExtensions.swift; sourceTree = "<group>"; };
		3BF0E68D2523AEAD00C3E947 /* ConversationsTableViewCell.swift */ = {isa = PBXFileReference; lastKnownFileType = sourcecode.swift; path = ConversationsTableViewCell.swift; sourceTree = "<group>"; };
		3BF0E68E2523AEAD00C3E947 /* ConversationsTableViewCell.xib */ = {isa = PBXFileReference; lastKnownFileType = file.xib; path = ConversationsTableViewCell.xib; sourceTree = "<group>"; };
		3BF0E6912523B2F900C3E947 /* ConfigurableView.swift */ = {isa = PBXFileReference; lastKnownFileType = sourcecode.swift; path = ConfigurableView.swift; sourceTree = "<group>"; };
		3BF0E6932523B3F800C3E947 /* ConversationCellModel.swift */ = {isa = PBXFileReference; lastKnownFileType = sourcecode.swift; path = ConversationCellModel.swift; sourceTree = "<group>"; };
		3BF0E6952523D5D900C3E947 /* ConversationViewController.swift */ = {isa = PBXFileReference; lastKnownFileType = sourcecode.swift; path = ConversationViewController.swift; sourceTree = "<group>"; };
		3BF0E6972523D5E300C3E947 /* ConversationViewController.storyboard */ = {isa = PBXFileReference; lastKnownFileType = file.storyboard; path = ConversationViewController.storyboard; sourceTree = "<group>"; };
		447A9E7A52AC4DB158CA13CF /* Pods-Chat.release.xcconfig */ = {isa = PBXFileReference; includeInIndex = 1; lastKnownFileType = text.xcconfig; name = "Pods-Chat.release.xcconfig"; path = "Target Support Files/Pods-Chat/Pods-Chat.release.xcconfig"; sourceTree = "<group>"; };
		B33B87348ADE46DAB3C8EFB6 /* Pods-Chat.debug.xcconfig */ = {isa = PBXFileReference; includeInIndex = 1; lastKnownFileType = text.xcconfig; name = "Pods-Chat.debug.xcconfig"; path = "Target Support Files/Pods-Chat/Pods-Chat.debug.xcconfig"; sourceTree = "<group>"; };
/* End PBXFileReference section */

/* Begin PBXFrameworksBuildPhase section */
		3B33D224250D052F00355849 /* Frameworks */ = {
			isa = PBXFrameworksBuildPhase;
			buildActionMask = 2147483647;
			files = (
				D4D7F025556FF70C358FF0E3 /* Pods_Chat.framework in Frameworks */,
			);
			runOnlyForDeploymentPostprocessing = 0;
		};
/* End PBXFrameworksBuildPhase section */

/* Begin PBXGroup section */
		208B1A4FD1E41CE81C671E64 /* Pods */ = {
			isa = PBXGroup;
			children = (
				B33B87348ADE46DAB3C8EFB6 /* Pods-Chat.debug.xcconfig */,
				447A9E7A52AC4DB158CA13CF /* Pods-Chat.release.xcconfig */,
			);
			path = Pods;
			sourceTree = "<group>";
		};
		3B041ED0252BA86900F96349 /* Themes */ = {
			isa = PBXGroup;
			children = (
				3B041EDF252E3AA300F96349 /* Theme.swift */,
				3B041ED1252BA89500F96349 /* ThemesViewController.swift */,
				3B041ED3252BA94000F96349 /* ThemesViewController.storyboard */,
				3B041ED9252D250000F96349 /* ThemeButton.swift */,
				3B041EDB252D252C00F96349 /* ThemeButton.xib */,
				3B041EDD252E2A5A00F96349 /* ThemeButtonModel.swift */,
				3B041EE1252E3B1D00F96349 /* ThemesPickerDelegate.swift */,
				3BED3F05252E5DD600405047 /* ThemeManager.swift */,
			);
			path = Themes;
			sourceTree = "<group>";
		};
		3B26C2C3254758210043101E /* CoreData */ = {
			isa = PBXGroup;
			children = (
				3B26C2C4254758650043101E /* Chat.xcdatamodeld */,
				3B26C2FC254766120043101E /* CoreDataStack.swift */,
				3B26C2FE25476BFB0043101E /* ObjectsExtensions.swift */,
			);
			path = CoreData;
			sourceTree = "<group>";
		};
		3B33D21E250D052F00355849 = {
			isa = PBXGroup;
			children = (
				3B1134C8253DF76300C75D4D /* Podfile */,
				3B1134C62538B9D100C75D4D /* GoogleService-Info.plist */,
				3B33D229250D053000355849 /* Chat */,
				3B33D228250D053000355849 /* Products */,
				208B1A4FD1E41CE81C671E64 /* Pods */,
				F7A04115A2E664CB2BACBECC /* Frameworks */,
			);
			indentWidth = 4;
			sourceTree = "<group>";
			tabWidth = 4;
		};
		3B33D228250D053000355849 /* Products */ = {
			isa = PBXGroup;
			children = (
				3B33D227250D053000355849 /* Chat.app */,
			);
			name = Products;
			sourceTree = "<group>";
		};
		3B33D229250D053000355849 /* Chat */ = {
			isa = PBXGroup;
			children = (
				3B26C2C3254758210043101E /* CoreData */,
				3BF0E69B2523EE9600C3E947 /* Conversation */,
				3BF0E69A2523EE6A00C3E947 /* ConversationsList */,
				3BF0E6992523EE5400C3E947 /* Profile */,
				3B041ED0252BA86900F96349 /* Themes */,
				3B6C03B9253E269400C49BC4 /* Models */,
				3B33D22A250D053000355849 /* AppDelegate.swift */,
				3B33D233250D053800355849 /* Assets.xcassets */,
				3B33D235250D053900355849 /* LaunchScreen.storyboard */,
				3B33D238250D053900355849 /* Info.plist */,
				3B33D23E250D19D400355849 /* Logger.swift */,
				3BF0E68B2523A88900C3E947 /* UIViewControllerExtensions.swift */,
				3BF0E6912523B2F900C3E947 /* ConfigurableView.swift */,
				3BED3F07252E61AD00405047 /* ThemeableView.swift */,
				3B6C03C22540D6BE00C49BC4 /* DeviceIDProvider.swift */,
			);
			path = Chat;
			sourceTree = "<group>";
		};
		3B6C03B9253E269400C49BC4 /* Models */ = {
			isa = PBXGroup;
			children = (
				3B6C03BA253E26A700C49BC4 /* Message.swift */,
				3B6C03BC253E26B700C49BC4 /* Channel.swift */,
			);
			path = Models;
			sourceTree = "<group>";
		};
		3BF0E6992523EE5400C3E947 /* Profile */ = {
			isa = PBXGroup;
			children = (
				3B33D22E250D053000355849 /* ProfileViewController.swift */,
				3B33D230250D053000355849 /* ProfileViewController.storyboard */,
				3BED3F0D253645BE00405047 /* ProfileDataManaging.swift */,
				3BED3F09253644F400405047 /* GCDProfileDataManager.swift */,
				3BED3F0F25377C5E00405047 /* OperationProfileDataManager.swift */,
				3BED3F1125377C8800405047 /* FileProfileDataManager.swift */,
				3BED3F0B2536450400405047 /* ProfileData.swift */,
			);
			path = Profile;
			sourceTree = "<group>";
		};
		3BF0E69A2523EE6A00C3E947 /* ConversationsList */ = {
			isa = PBXGroup;
			children = (
				3BF0E68725213AC500C3E947 /* ConversationsListViewController.swift */,
				3BF0E68925239D6700C3E947 /* ConversationsListViewController.storyboard */,
				3BF0E68D2523AEAD00C3E947 /* ConversationsTableViewCell.swift */,
				3BF0E68E2523AEAD00C3E947 /* ConversationsTableViewCell.xib */,
				3BF0E6932523B3F800C3E947 /* ConversationCellModel.swift */,
				3B6C03BE25408D8700C49BC4 /* ChannelsRepository.swift */,
			);
			path = ConversationsList;
			sourceTree = "<group>";
		};
		3BF0E69B2523EE9600C3E947 /* Conversation */ = {
			isa = PBXGroup;
			children = (
				3BF0E6952523D5D900C3E947 /* ConversationViewController.swift */,
				3BF0E6972523D5E300C3E947 /* ConversationViewController.storyboard */,
				3BD745C42524A9A100D78EEE /* MessageCellModel.swift */,
				3BD745C62524AA1B00D78EEE /* MessageTableViewCell.swift */,
				3BD745C72524AA1B00D78EEE /* MessageTableViewCell.xib */,
				3B6C03C02540AE9F00C49BC4 /* MessagesRepository.swift */,
			);
			path = Conversation;
			sourceTree = "<group>";
		};
		F7A04115A2E664CB2BACBECC /* Frameworks */ = {
			isa = PBXGroup;
			children = (
				3A3135C7CBD482D744FF0317 /* Pods_Chat.framework */,
			);
			name = Frameworks;
			sourceTree = "<group>";
		};
/* End PBXGroup section */

/* Begin PBXNativeTarget section */
		3B33D226250D052F00355849 /* Chat */ = {
			isa = PBXNativeTarget;
			buildConfigurationList = 3B33D23B250D053900355849 /* Build configuration list for PBXNativeTarget "Chat" */;
			buildPhases = (
				9E80CCCF62EF995DEF2AC7B3 /* [CP] Check Pods Manifest.lock */,
				3B33D223250D052F00355849 /* Sources */,
				3B33D224250D052F00355849 /* Frameworks */,
				3B33D225250D052F00355849 /* Resources */,
				3B6C03B8253E1F9400C49BC4 /* SwiftLint */,
				DFA93131929B9281CBD5957E /* [CP] Embed Pods Frameworks */,
			);
			buildRules = (
			);
			dependencies = (
			);
			name = Chat;
			productName = Chat;
			productReference = 3B33D227250D053000355849 /* Chat.app */;
			productType = "com.apple.product-type.application";
		};
/* End PBXNativeTarget section */

/* Begin PBXProject section */
		3B33D21F250D052F00355849 /* Project object */ = {
			isa = PBXProject;
			attributes = {
				LastSwiftUpdateCheck = 1170;
				LastUpgradeCheck = 1170;
				ORGANIZATIONNAME = "Shmakova Anastasia";
				TargetAttributes = {
					3B33D226250D052F00355849 = {
						CreatedOnToolsVersion = 11.7;
					};
				};
			};
			buildConfigurationList = 3B33D222250D052F00355849 /* Build configuration list for PBXProject "Chat" */;
			compatibilityVersion = "Xcode 9.3";
			developmentRegion = en;
			hasScannedForEncodings = 0;
			knownRegions = (
				en,
				Base,
			);
			mainGroup = 3B33D21E250D052F00355849;
			productRefGroup = 3B33D228250D053000355849 /* Products */;
			projectDirPath = "";
			projectRoot = "";
			targets = (
				3B33D226250D052F00355849 /* Chat */,
			);
		};
/* End PBXProject section */

/* Begin PBXResourcesBuildPhase section */
		3B33D225250D052F00355849 /* Resources */ = {
			isa = PBXResourcesBuildPhase;
			buildActionMask = 2147483647;
			files = (
				3BF0E6982523D5E300C3E947 /* ConversationViewController.storyboard in Resources */,
				3B33D237250D053900355849 /* LaunchScreen.storyboard in Resources */,
				3B041EDC252D252C00F96349 /* ThemeButton.xib in Resources */,
				3BF0E6902523AEAD00C3E947 /* ConversationsTableViewCell.xib in Resources */,
				3B041ED4252BA94000F96349 /* ThemesViewController.storyboard in Resources */,
				3B33D234250D053900355849 /* Assets.xcassets in Resources */,
				3BF0E68A25239D6700C3E947 /* ConversationsListViewController.storyboard in Resources */,
				3B1134C72538B9D100C75D4D /* GoogleService-Info.plist in Resources */,
				3BD745C92524AA1B00D78EEE /* MessageTableViewCell.xib in Resources */,
				3B33D232250D053000355849 /* ProfileViewController.storyboard in Resources */,
				3B1134C9253DF76300C75D4D /* Podfile in Resources */,
			);
			runOnlyForDeploymentPostprocessing = 0;
		};
/* End PBXResourcesBuildPhase section */

/* Begin PBXShellScriptBuildPhase section */
		3B6C03B8253E1F9400C49BC4 /* SwiftLint */ = {
			isa = PBXShellScriptBuildPhase;
			buildActionMask = 2147483647;
			files = (
			);
			inputFileListPaths = (
			);
			inputPaths = (
			);
			name = SwiftLint;
			outputFileListPaths = (
			);
			outputPaths = (
			);
			runOnlyForDeploymentPostprocessing = 0;
			shellPath = /bin/sh;
			shellScript = "\"${PODS_ROOT}/SwiftLint/swiftlint\"\n";
		};
		9E80CCCF62EF995DEF2AC7B3 /* [CP] Check Pods Manifest.lock */ = {
			isa = PBXShellScriptBuildPhase;
			buildActionMask = 2147483647;
			files = (
			);
			inputFileListPaths = (
			);
			inputPaths = (
				"${PODS_PODFILE_DIR_PATH}/Podfile.lock",
				"${PODS_ROOT}/Manifest.lock",
			);
			name = "[CP] Check Pods Manifest.lock";
			outputFileListPaths = (
			);
			outputPaths = (
				"$(DERIVED_FILE_DIR)/Pods-Chat-checkManifestLockResult.txt",
			);
			runOnlyForDeploymentPostprocessing = 0;
			shellPath = /bin/sh;
			shellScript = "diff \"${PODS_PODFILE_DIR_PATH}/Podfile.lock\" \"${PODS_ROOT}/Manifest.lock\" > /dev/null\nif [ $? != 0 ] ; then\n    # print error to STDERR\n    echo \"error: The sandbox is not in sync with the Podfile.lock. Run 'pod install' or update your CocoaPods installation.\" >&2\n    exit 1\nfi\n# This output is used by Xcode 'outputs' to avoid re-running this script phase.\necho \"SUCCESS\" > \"${SCRIPT_OUTPUT_FILE_0}\"\n";
			showEnvVarsInLog = 0;
		};
		DFA93131929B9281CBD5957E /* [CP] Embed Pods Frameworks */ = {
			isa = PBXShellScriptBuildPhase;
			buildActionMask = 2147483647;
			files = (
			);
			inputFileListPaths = (
				"${PODS_ROOT}/Target Support Files/Pods-Chat/Pods-Chat-frameworks-${CONFIGURATION}-input-files.xcfilelist",
			);
			name = "[CP] Embed Pods Frameworks";
			outputFileListPaths = (
				"${PODS_ROOT}/Target Support Files/Pods-Chat/Pods-Chat-frameworks-${CONFIGURATION}-output-files.xcfilelist",
			);
			runOnlyForDeploymentPostprocessing = 0;
			shellPath = /bin/sh;
			shellScript = "\"${PODS_ROOT}/Target Support Files/Pods-Chat/Pods-Chat-frameworks.sh\"\n";
			showEnvVarsInLog = 0;
		};
/* End PBXShellScriptBuildPhase section */

/* Begin PBXSourcesBuildPhase section */
		3B33D223250D052F00355849 /* Sources */ = {
			isa = PBXSourcesBuildPhase;
			buildActionMask = 2147483647;
			files = (
				3BF0E68F2523AEAD00C3E947 /* ConversationsTableViewCell.swift in Sources */,
				3B26C2FF25476BFB0043101E /* ObjectsExtensions.swift in Sources */,
				3B33D22F250D053000355849 /* ProfileViewController.swift in Sources */,
				3BF0E6962523D5D900C3E947 /* ConversationViewController.swift in Sources */,
				3BED3F0E253645BE00405047 /* ProfileDataManaging.swift in Sources */,
				3B6C03C12540AEA000C49BC4 /* MessagesRepository.swift in Sources */,
				3BED3F0C2536450400405047 /* ProfileData.swift in Sources */,
				3B6C03BF25408D8700C49BC4 /* ChannelsRepository.swift in Sources */,
				3BF0E6942523B3F800C3E947 /* ConversationCellModel.swift in Sources */,
				3B041EE2252E3B1D00F96349 /* ThemesPickerDelegate.swift in Sources */,
				3BD745C82524AA1B00D78EEE /* MessageTableViewCell.swift in Sources */,
				3B041EDE252E2A5A00F96349 /* ThemeButtonModel.swift in Sources */,
				3BF0E68825213AC500C3E947 /* ConversationsListViewController.swift in Sources */,
				3BF0E68C2523A88900C3E947 /* UIViewControllerExtensions.swift in Sources */,
				3B041EDA252D250000F96349 /* ThemeButton.swift in Sources */,
				3BED3F08252E61AD00405047 /* ThemeableView.swift in Sources */,
				3B26C2FD254766120043101E /* CoreDataStack.swift in Sources */,
				3BED3F06252E5DD600405047 /* ThemeManager.swift in Sources */,
				3BF0E6922523B2F900C3E947 /* ConfigurableView.swift in Sources */,
				3B6C03C32540D6BE00C49BC4 /* DeviceIDProvider.swift in Sources */,
				3BED3F0A253644F400405047 /* GCDProfileDataManager.swift in Sources */,
				3B6C03BD253E26B700C49BC4 /* Channel.swift in Sources */,
				3BD745C52524A9A100D78EEE /* MessageCellModel.swift in Sources */,
				3BED3F1025377C5E00405047 /* OperationProfileDataManager.swift in Sources */,
				3B33D23F250D19D400355849 /* Logger.swift in Sources */,
				3B041ED2252BA89500F96349 /* ThemesViewController.swift in Sources */,
				3B041EE0252E3AA300F96349 /* Theme.swift in Sources */,
				3B6C03BB253E26A700C49BC4 /* Message.swift in Sources */,
				3B33D22B250D053000355849 /* AppDelegate.swift in Sources */,
				3B26C2C6254758650043101E /* Chat.xcdatamodeld in Sources */,
				3BED3F1225377C8800405047 /* FileProfileDataManager.swift in Sources */,
			);
			runOnlyForDeploymentPostprocessing = 0;
		};
/* End PBXSourcesBuildPhase section */

/* Begin PBXVariantGroup section */
		3B33D230250D053000355849 /* ProfileViewController.storyboard */ = {
			isa = PBXVariantGroup;
			children = (
				3B33D231250D053000355849 /* Base */,
			);
			name = ProfileViewController.storyboard;
			sourceTree = "<group>";
		};
		3B33D235250D053900355849 /* LaunchScreen.storyboard */ = {
			isa = PBXVariantGroup;
			children = (
				3B33D236250D053900355849 /* Base */,
			);
			name = LaunchScreen.storyboard;
			sourceTree = "<group>";
		};
/* End PBXVariantGroup section */

/* Begin XCBuildConfiguration section */
		3B33D239250D053900355849 /* Debug */ = {
			isa = XCBuildConfiguration;
			buildSettings = {
				ALWAYS_SEARCH_USER_PATHS = NO;
				CLANG_ANALYZER_NONNULL = YES;
				CLANG_ANALYZER_NUMBER_OBJECT_CONVERSION = YES_AGGRESSIVE;
				CLANG_CXX_LANGUAGE_STANDARD = "gnu++14";
				CLANG_CXX_LIBRARY = "libc++";
				CLANG_ENABLE_MODULES = YES;
				CLANG_ENABLE_OBJC_ARC = YES;
				CLANG_ENABLE_OBJC_WEAK = YES;
				CLANG_WARN_BLOCK_CAPTURE_AUTORELEASING = YES;
				CLANG_WARN_BOOL_CONVERSION = YES;
				CLANG_WARN_COMMA = YES;
				CLANG_WARN_CONSTANT_CONVERSION = YES;
				CLANG_WARN_DEPRECATED_OBJC_IMPLEMENTATIONS = YES;
				CLANG_WARN_DIRECT_OBJC_ISA_USAGE = YES_ERROR;
				CLANG_WARN_DOCUMENTATION_COMMENTS = YES;
				CLANG_WARN_EMPTY_BODY = YES;
				CLANG_WARN_ENUM_CONVERSION = YES;
				CLANG_WARN_INFINITE_RECURSION = YES;
				CLANG_WARN_INT_CONVERSION = YES;
				CLANG_WARN_NON_LITERAL_NULL_CONVERSION = YES;
				CLANG_WARN_OBJC_IMPLICIT_RETAIN_SELF = YES;
				CLANG_WARN_OBJC_LITERAL_CONVERSION = YES;
				CLANG_WARN_OBJC_ROOT_CLASS = YES_ERROR;
				CLANG_WARN_RANGE_LOOP_ANALYSIS = YES;
				CLANG_WARN_STRICT_PROTOTYPES = YES;
				CLANG_WARN_SUSPICIOUS_MOVE = YES;
				CLANG_WARN_UNGUARDED_AVAILABILITY = YES_AGGRESSIVE;
				CLANG_WARN_UNREACHABLE_CODE = YES;
				CLANG_WARN__DUPLICATE_METHOD_MATCH = YES;
				COPY_PHASE_STRIP = NO;
				DEBUG_INFORMATION_FORMAT = dwarf;
				ENABLE_STRICT_OBJC_MSGSEND = YES;
				ENABLE_TESTABILITY = YES;
				GCC_C_LANGUAGE_STANDARD = gnu11;
				GCC_DYNAMIC_NO_PIC = NO;
				GCC_NO_COMMON_BLOCKS = YES;
				GCC_OPTIMIZATION_LEVEL = 0;
				GCC_PREPROCESSOR_DEFINITIONS = (
					"DEBUG=1",
					"$(inherited)",
				);
				GCC_WARN_64_TO_32_BIT_CONVERSION = YES;
				GCC_WARN_ABOUT_RETURN_TYPE = YES_ERROR;
				GCC_WARN_UNDECLARED_SELECTOR = YES;
				GCC_WARN_UNINITIALIZED_AUTOS = YES_AGGRESSIVE;
				GCC_WARN_UNUSED_FUNCTION = YES;
				GCC_WARN_UNUSED_VARIABLE = YES;
				IPHONEOS_DEPLOYMENT_TARGET = 13.7;
				MTL_ENABLE_DEBUG_INFO = INCLUDE_SOURCE;
				MTL_FAST_MATH = YES;
				ONLY_ACTIVE_ARCH = YES;
				SDKROOT = iphoneos;
				SWIFT_ACTIVE_COMPILATION_CONDITIONS = DEBUG;
				SWIFT_OPTIMIZATION_LEVEL = "-Onone";
			};
			name = Debug;
		};
		3B33D23A250D053900355849 /* Release */ = {
			isa = XCBuildConfiguration;
			buildSettings = {
				ALWAYS_SEARCH_USER_PATHS = NO;
				CLANG_ANALYZER_NONNULL = YES;
				CLANG_ANALYZER_NUMBER_OBJECT_CONVERSION = YES_AGGRESSIVE;
				CLANG_CXX_LANGUAGE_STANDARD = "gnu++14";
				CLANG_CXX_LIBRARY = "libc++";
				CLANG_ENABLE_MODULES = YES;
				CLANG_ENABLE_OBJC_ARC = YES;
				CLANG_ENABLE_OBJC_WEAK = YES;
				CLANG_WARN_BLOCK_CAPTURE_AUTORELEASING = YES;
				CLANG_WARN_BOOL_CONVERSION = YES;
				CLANG_WARN_COMMA = YES;
				CLANG_WARN_CONSTANT_CONVERSION = YES;
				CLANG_WARN_DEPRECATED_OBJC_IMPLEMENTATIONS = YES;
				CLANG_WARN_DIRECT_OBJC_ISA_USAGE = YES_ERROR;
				CLANG_WARN_DOCUMENTATION_COMMENTS = YES;
				CLANG_WARN_EMPTY_BODY = YES;
				CLANG_WARN_ENUM_CONVERSION = YES;
				CLANG_WARN_INFINITE_RECURSION = YES;
				CLANG_WARN_INT_CONVERSION = YES;
				CLANG_WARN_NON_LITERAL_NULL_CONVERSION = YES;
				CLANG_WARN_OBJC_IMPLICIT_RETAIN_SELF = YES;
				CLANG_WARN_OBJC_LITERAL_CONVERSION = YES;
				CLANG_WARN_OBJC_ROOT_CLASS = YES_ERROR;
				CLANG_WARN_RANGE_LOOP_ANALYSIS = YES;
				CLANG_WARN_STRICT_PROTOTYPES = YES;
				CLANG_WARN_SUSPICIOUS_MOVE = YES;
				CLANG_WARN_UNGUARDED_AVAILABILITY = YES_AGGRESSIVE;
				CLANG_WARN_UNREACHABLE_CODE = YES;
				CLANG_WARN__DUPLICATE_METHOD_MATCH = YES;
				COPY_PHASE_STRIP = NO;
				DEBUG_INFORMATION_FORMAT = "dwarf-with-dsym";
				ENABLE_NS_ASSERTIONS = NO;
				ENABLE_STRICT_OBJC_MSGSEND = YES;
				GCC_C_LANGUAGE_STANDARD = gnu11;
				GCC_NO_COMMON_BLOCKS = YES;
				GCC_WARN_64_TO_32_BIT_CONVERSION = YES;
				GCC_WARN_ABOUT_RETURN_TYPE = YES_ERROR;
				GCC_WARN_UNDECLARED_SELECTOR = YES;
				GCC_WARN_UNINITIALIZED_AUTOS = YES_AGGRESSIVE;
				GCC_WARN_UNUSED_FUNCTION = YES;
				GCC_WARN_UNUSED_VARIABLE = YES;
				IPHONEOS_DEPLOYMENT_TARGET = 13.7;
				MTL_ENABLE_DEBUG_INFO = NO;
				MTL_FAST_MATH = YES;
				SDKROOT = iphoneos;
				SWIFT_COMPILATION_MODE = wholemodule;
				SWIFT_OPTIMIZATION_LEVEL = "-O";
				VALIDATE_PRODUCT = YES;
			};
			name = Release;
		};
		3B33D23C250D053900355849 /* Debug */ = {
			isa = XCBuildConfiguration;
			baseConfigurationReference = B33B87348ADE46DAB3C8EFB6 /* Pods-Chat.debug.xcconfig */;
			buildSettings = {
				ASSETCATALOG_COMPILER_APPICON_NAME = AppIcon;
				CODE_SIGN_IDENTITY = "Apple Development";
				CODE_SIGN_STYLE = Automatic;
				DEVELOPMENT_TEAM = "";
				INFOPLIST_FILE = Chat/Info.plist;
				IPHONEOS_DEPLOYMENT_TARGET = 12.0;
				LD_RUNPATH_SEARCH_PATHS = (
					"$(inherited)",
					"@executable_path/Frameworks",
				);
				PRODUCT_BUNDLE_IDENTIFIER = ru.tinkoff.TinkoffChat;
				PRODUCT_NAME = "$(TARGET_NAME)";
				PROVISIONING_PROFILE_SPECIFIER = "";
				SWIFT_VERSION = 5.0;
				TARGETED_DEVICE_FAMILY = 1;
			};
			name = Debug;
		};
		3B33D23D250D053900355849 /* Release */ = {
			isa = XCBuildConfiguration;
			baseConfigurationReference = 447A9E7A52AC4DB158CA13CF /* Pods-Chat.release.xcconfig */;
			buildSettings = {
				ASSETCATALOG_COMPILER_APPICON_NAME = AppIcon;
				CODE_SIGN_IDENTITY = "Apple Development";
				CODE_SIGN_STYLE = Automatic;
				DEVELOPMENT_TEAM = "";
				INFOPLIST_FILE = Chat/Info.plist;
				IPHONEOS_DEPLOYMENT_TARGET = 12.0;
				LD_RUNPATH_SEARCH_PATHS = (
					"$(inherited)",
					"@executable_path/Frameworks",
				);
				PRODUCT_BUNDLE_IDENTIFIER = ru.tinkoff.TinkoffChat;
				PRODUCT_NAME = "$(TARGET_NAME)";
				PROVISIONING_PROFILE_SPECIFIER = "";
				SWIFT_VERSION = 5.0;
				TARGETED_DEVICE_FAMILY = 1;
			};
			name = Release;
		};
/* End XCBuildConfiguration section */

/* Begin XCConfigurationList section */
		3B33D222250D052F00355849 /* Build configuration list for PBXProject "Chat" */ = {
			isa = XCConfigurationList;
			buildConfigurations = (
				3B33D239250D053900355849 /* Debug */,
				3B33D23A250D053900355849 /* Release */,
			);
			defaultConfigurationIsVisible = 0;
			defaultConfigurationName = Release;
		};
		3B33D23B250D053900355849 /* Build configuration list for PBXNativeTarget "Chat" */ = {
			isa = XCConfigurationList;
			buildConfigurations = (
				3B33D23C250D053900355849 /* Debug */,
				3B33D23D250D053900355849 /* Release */,
			);
			defaultConfigurationIsVisible = 0;
			defaultConfigurationName = Release;
		};
/* End XCConfigurationList section */

/* Begin XCVersionGroup section */
		3B26C2C4254758650043101E /* Chat.xcdatamodeld */ = {
			isa = XCVersionGroup;
			children = (
				3B26C2C5254758650043101E /* Chat.xcdatamodel */,
			);
			currentVersion = 3B26C2C5254758650043101E /* Chat.xcdatamodel */;
			path = Chat.xcdatamodeld;
			sourceTree = "<group>";
			versionGroupType = wrapper.xcdatamodel;
		};
/* End XCVersionGroup section */
	};
	rootObject = 3B33D21F250D052F00355849 /* Project object */;
}
